// !$*UTF8*$!
{
	archiveVersion = 1;
	classes = {
	};
	objectVersion = 50;
	objects = {

/* Begin PBXBuildFile section */
		DE624BD823F1DA3E00D0E90C /* Snippets.swift in Sources */ = {isa = PBXBuildFile; fileRef = DE624BD723F1DA3E00D0E90C /* Snippets.swift */; };
		DE735DB223E883A900FFDDC9 /* AppDelegate.swift in Sources */ = {isa = PBXBuildFile; fileRef = DE735DB123E883A900FFDDC9 /* AppDelegate.swift */; };
		DE735DB423E883A900FFDDC9 /* SceneDelegate.swift in Sources */ = {isa = PBXBuildFile; fileRef = DE735DB323E883A900FFDDC9 /* SceneDelegate.swift */; };
		DE735DB623E883A900FFDDC9 /* DosageRegimenViewController.swift in Sources */ = {isa = PBXBuildFile; fileRef = DE735DB523E883A900FFDDC9 /* DosageRegimenViewController.swift */; };
		DE735DB823E883A900FFDDC9 /* MedicineViewController.swift in Sources */ = {isa = PBXBuildFile; fileRef = DE735DB723E883A900FFDDC9 /* MedicineViewController.swift */; };
		DE735DBB23E883A900FFDDC9 /* Main.storyboard in Resources */ = {isa = PBXBuildFile; fileRef = DE735DB923E883A900FFDDC9 /* Main.storyboard */; };
		DE735DBD23E883AF00FFDDC9 /* Assets.xcassets in Resources */ = {isa = PBXBuildFile; fileRef = DE735DBC23E883AF00FFDDC9 /* Assets.xcassets */; };
		DE735DC023E883AF00FFDDC9 /* LaunchScreen.storyboard in Resources */ = {isa = PBXBuildFile; fileRef = DE735DBE23E883AF00FFDDC9 /* LaunchScreen.storyboard */; };
		DE735DE623E8957200FFDDC9 /* User.swift in Sources */ = {isa = PBXBuildFile; fileRef = DE735DE523E8957200FFDDC9 /* User.swift */; };
		DE735DEA23E8BF2900FFDDC9 /* TakenDose.swift in Sources */ = {isa = PBXBuildFile; fileRef = DE735DE923E8BF2900FFDDC9 /* TakenDose.swift */; };
		DE735DEC23E8BF4600FFDDC9 /* Dose.swift in Sources */ = {isa = PBXBuildFile; fileRef = DE735DEB23E8BF4600FFDDC9 /* Dose.swift */; };
		DE735DEE23E8BF5700FFDDC9 /* Dosage.swift in Sources */ = {isa = PBXBuildFile; fileRef = DE735DED23E8BF5700FFDDC9 /* Dosage.swift */; };
		DE8F4FD323F06A26000DBCF2 /* DataService.swift in Sources */ = {isa = PBXBuildFile; fileRef = DE8F4FD223F06A26000DBCF2 /* DataService.swift */; };
		DE8F4FD823F096EE000DBCF2 /* JavaScriptCore.framework in Frameworks */ = {isa = PBXBuildFile; fileRef = DE8F4FD723F096EE000DBCF2 /* JavaScriptCore.framework */; };
		DEEC99C423EF082A000E4E70 /* PillBox.xcdatamodeld in Sources */ = {isa = PBXBuildFile; fileRef = DEEC99C223EF082A000E4E70 /* PillBox.xcdatamodeld */; };
		DEEC99C623EF083D000E4E70 /* CoreDataStack.swift in Sources */ = {isa = PBXBuildFile; fileRef = DEEC99C523EF083D000E4E70 /* CoreDataStack.swift */; };
		DEEC99C823EF0F87000E4E70 /* DosageRegimenViewControllerTests.swift in Sources */ = {isa = PBXBuildFile; fileRef = DEEC99C723EF0F87000E4E70 /* DosageRegimenViewControllerTests.swift */; };
		DEF9932023E9AE60007A03A7 /* ProfileViewController.swift in Sources */ = {isa = PBXBuildFile; fileRef = DEF9931F23E9AE60007A03A7 /* ProfileViewController.swift */; };
		DEF9932223EB6247007A03A7 /* DoseDetailsViewController.swift in Sources */ = {isa = PBXBuildFile; fileRef = DEF9932123EB6247007A03A7 /* DoseDetailsViewController.swift */; };
/* End PBXBuildFile section */

/* Begin PBXContainerItemProxy section */
		DE735DC723E883B000FFDDC9 /* PBXContainerItemProxy */ = {
			isa = PBXContainerItemProxy;
			containerPortal = DE735DA623E883A900FFDDC9 /* Project object */;
			proxyType = 1;
			remoteGlobalIDString = DE735DAD23E883A900FFDDC9;
			remoteInfo = PillBox;
		};
/* End PBXContainerItemProxy section */

/* Begin PBXFileReference section */
		DE624BD723F1DA3E00D0E90C /* Snippets.swift */ = {isa = PBXFileReference; lastKnownFileType = sourcecode.swift; path = Snippets.swift; sourceTree = "<group>"; };
		DE735DAE23E883A900FFDDC9 /* PillBox.app */ = {isa = PBXFileReference; explicitFileType = wrapper.application; includeInIndex = 0; path = PillBox.app; sourceTree = BUILT_PRODUCTS_DIR; };
		DE735DB123E883A900FFDDC9 /* AppDelegate.swift */ = {isa = PBXFileReference; lastKnownFileType = sourcecode.swift; path = AppDelegate.swift; sourceTree = "<group>"; };
		DE735DB323E883A900FFDDC9 /* SceneDelegate.swift */ = {isa = PBXFileReference; lastKnownFileType = sourcecode.swift; path = SceneDelegate.swift; sourceTree = "<group>"; };
		DE735DB523E883A900FFDDC9 /* DosageRegimenViewController.swift */ = {isa = PBXFileReference; lastKnownFileType = sourcecode.swift; path = DosageRegimenViewController.swift; sourceTree = "<group>"; };
		DE735DB723E883A900FFDDC9 /* MedicineViewController.swift */ = {isa = PBXFileReference; lastKnownFileType = sourcecode.swift; path = MedicineViewController.swift; sourceTree = "<group>"; };
		DE735DBA23E883A900FFDDC9 /* Base */ = {isa = PBXFileReference; lastKnownFileType = file.storyboard; name = Base; path = Base.lproj/Main.storyboard; sourceTree = "<group>"; };
		DE735DBC23E883AF00FFDDC9 /* Assets.xcassets */ = {isa = PBXFileReference; lastKnownFileType = folder.assetcatalog; path = Assets.xcassets; sourceTree = "<group>"; };
		DE735DBF23E883AF00FFDDC9 /* Base */ = {isa = PBXFileReference; lastKnownFileType = file.storyboard; name = Base; path = Base.lproj/LaunchScreen.storyboard; sourceTree = "<group>"; };
		DE735DC123E883AF00FFDDC9 /* Info.plist */ = {isa = PBXFileReference; lastKnownFileType = text.plist.xml; path = Info.plist; sourceTree = "<group>"; };
		DE735DC623E883B000FFDDC9 /* PillBoxTests.xctest */ = {isa = PBXFileReference; explicitFileType = wrapper.cfbundle; includeInIndex = 0; path = PillBoxTests.xctest; sourceTree = BUILT_PRODUCTS_DIR; };
		DE735DCC23E883B000FFDDC9 /* Info.plist */ = {isa = PBXFileReference; lastKnownFileType = text.plist.xml; path = Info.plist; sourceTree = "<group>"; };
		DE735DE523E8957200FFDDC9 /* User.swift */ = {isa = PBXFileReference; lastKnownFileType = sourcecode.swift; path = User.swift; sourceTree = "<group>"; };
		DE735DE923E8BF2900FFDDC9 /* TakenDose.swift */ = {isa = PBXFileReference; lastKnownFileType = sourcecode.swift; path = TakenDose.swift; sourceTree = "<group>"; };
		DE735DEB23E8BF4600FFDDC9 /* Dose.swift */ = {isa = PBXFileReference; lastKnownFileType = sourcecode.swift; path = Dose.swift; sourceTree = "<group>"; };
		DE735DED23E8BF5700FFDDC9 /* Dosage.swift */ = {isa = PBXFileReference; lastKnownFileType = sourcecode.swift; path = Dosage.swift; sourceTree = "<group>"; };
		DE8F4FD223F06A26000DBCF2 /* DataService.swift */ = {isa = PBXFileReference; lastKnownFileType = sourcecode.swift; path = DataService.swift; sourceTree = "<group>"; };
		DE8F4FD723F096EE000DBCF2 /* JavaScriptCore.framework */ = {isa = PBXFileReference; lastKnownFileType = wrapper.framework; name = JavaScriptCore.framework; path = System/Library/Frameworks/JavaScriptCore.framework; sourceTree = SDKROOT; };
		DEEC99C323EF082A000E4E70 /* PillBox.xcdatamodel */ = {isa = PBXFileReference; lastKnownFileType = wrapper.xcdatamodel; path = PillBox.xcdatamodel; sourceTree = "<group>"; };
		DEEC99C523EF083D000E4E70 /* CoreDataStack.swift */ = {isa = PBXFileReference; lastKnownFileType = sourcecode.swift; path = CoreDataStack.swift; sourceTree = "<group>"; };
		DEEC99C723EF0F87000E4E70 /* DosageRegimenViewControllerTests.swift */ = {isa = PBXFileReference; lastKnownFileType = sourcecode.swift; path = DosageRegimenViewControllerTests.swift; sourceTree = "<group>"; };
		DEF9931F23E9AE60007A03A7 /* ProfileViewController.swift */ = {isa = PBXFileReference; lastKnownFileType = sourcecode.swift; path = ProfileViewController.swift; sourceTree = "<group>"; };
		DEF9932123EB6247007A03A7 /* DoseDetailsViewController.swift */ = {isa = PBXFileReference; lastKnownFileType = sourcecode.swift; path = DoseDetailsViewController.swift; sourceTree = "<group>"; };
/* End PBXFileReference section */

/* Begin PBXFrameworksBuildPhase section */
		DE735DAB23E883A900FFDDC9 /* Frameworks */ = {
			isa = PBXFrameworksBuildPhase;
			buildActionMask = 2147483647;
			files = (
				DE8F4FD823F096EE000DBCF2 /* JavaScriptCore.framework in Frameworks */,
			);
			runOnlyForDeploymentPostprocessing = 0;
		};
		DE735DC323E883B000FFDDC9 /* Frameworks */ = {
			isa = PBXFrameworksBuildPhase;
			buildActionMask = 2147483647;
			files = (
			);
			runOnlyForDeploymentPostprocessing = 0;
		};
/* End PBXFrameworksBuildPhase section */

/* Begin PBXGroup section */
		DE735DA523E883A900FFDDC9 = {
			isa = PBXGroup;
			children = (
				DE735DB023E883A900FFDDC9 /* PillBox */,
				DE735DC923E883B000FFDDC9 /* PillBoxTests */,
				DE735DAF23E883A900FFDDC9 /* Products */,
				DE8F4FD623F096EE000DBCF2 /* Frameworks */,
			);
			sourceTree = "<group>";
		};
		DE735DAF23E883A900FFDDC9 /* Products */ = {
			isa = PBXGroup;
			children = (
				DE735DAE23E883A900FFDDC9 /* PillBox.app */,
				DE735DC623E883B000FFDDC9 /* PillBoxTests.xctest */,
			);
			name = Products;
			sourceTree = "<group>";
		};
		DE735DB023E883A900FFDDC9 /* PillBox */ = {
			isa = PBXGroup;
			children = (
				DE735DE323E8841C00FFDDC9 /* Model */,
				DE735DE423E8842500FFDDC9 /* Scenes */,
				DE735DBE23E883AF00FFDDC9 /* LaunchScreen.storyboard */,
				DE735DB923E883A900FFDDC9 /* Main.storyboard */,
				DE735DB523E883A900FFDDC9 /* DosageRegimenViewController.swift */,
				DE735DB723E883A900FFDDC9 /* MedicineViewController.swift */,
				DEF9932123EB6247007A03A7 /* DoseDetailsViewController.swift */,
				DEF9931F23E9AE60007A03A7 /* ProfileViewController.swift */,
				DE8F4FD223F06A26000DBCF2 /* DataService.swift */,
				DE735DB123E883A900FFDDC9 /* AppDelegate.swift */,
				DE735DB323E883A900FFDDC9 /* SceneDelegate.swift */,
				DEEC99C523EF083D000E4E70 /* CoreDataStack.swift */,
				DE624BD723F1DA3E00D0E90C /* Snippets.swift */,
				DE735DBC23E883AF00FFDDC9 /* Assets.xcassets */,
				DE735DC123E883AF00FFDDC9 /* Info.plist */,
			);
			path = PillBox;
			sourceTree = "<group>";
		};
		DE735DC923E883B000FFDDC9 /* PillBoxTests */ = {
			isa = PBXGroup;
			children = (
				DE735DCC23E883B000FFDDC9 /* Info.plist */,
				DEEC99C723EF0F87000E4E70 /* DosageRegimenViewControllerTests.swift */,
			);
			path = PillBoxTests;
			sourceTree = "<group>";
		};
		DE735DE323E8841C00FFDDC9 /* Model */ = {
			isa = PBXGroup;
			children = (
				DE735DE523E8957200FFDDC9 /* User.swift */,
				DE735DE923E8BF2900FFDDC9 /* TakenDose.swift */,
				DE735DEB23E8BF4600FFDDC9 /* Dose.swift */,
				DE735DED23E8BF5700FFDDC9 /* Dosage.swift */,
				DEEC99C223EF082A000E4E70 /* PillBox.xcdatamodeld */,
			);
			path = Model;
			sourceTree = "<group>";
		};
		DE735DE423E8842500FFDDC9 /* Scenes */ = {
			isa = PBXGroup;
			children = (
			);
			path = Scenes;
			sourceTree = "<group>";
		};
		DE8F4FD623F096EE000DBCF2 /* Frameworks */ = {
			isa = PBXGroup;
			children = (
				DE8F4FD723F096EE000DBCF2 /* JavaScriptCore.framework */,
			);
			name = Frameworks;
			sourceTree = "<group>";
		};
/* End PBXGroup section */

/* Begin PBXNativeTarget section */
		DE735DAD23E883A900FFDDC9 /* PillBox */ = {
			isa = PBXNativeTarget;
			buildConfigurationList = DE735DDA23E883B000FFDDC9 /* Build configuration list for PBXNativeTarget "PillBox" */;
			buildPhases = (
				DE735DAA23E883A900FFDDC9 /* Sources */,
				DE735DAB23E883A900FFDDC9 /* Frameworks */,
				DE735DAC23E883A900FFDDC9 /* Resources */,
			);
			buildRules = (
			);
			dependencies = (
			);
			name = PillBox;
			productName = PillBox;
			productReference = DE735DAE23E883A900FFDDC9 /* PillBox.app */;
			productType = "com.apple.product-type.application";
		};
		DE735DC523E883B000FFDDC9 /* PillBoxTests */ = {
			isa = PBXNativeTarget;
			buildConfigurationList = DE735DDD23E883B000FFDDC9 /* Build configuration list for PBXNativeTarget "PillBoxTests" */;
			buildPhases = (
				DE735DC223E883B000FFDDC9 /* Sources */,
				DE735DC323E883B000FFDDC9 /* Frameworks */,
				DE735DC423E883B000FFDDC9 /* Resources */,
			);
			buildRules = (
			);
			dependencies = (
				DE735DC823E883B000FFDDC9 /* PBXTargetDependency */,
			);
			name = PillBoxTests;
			productName = PillBoxTests;
			productReference = DE735DC623E883B000FFDDC9 /* PillBoxTests.xctest */;
			productType = "com.apple.product-type.bundle.unit-test";
		};
/* End PBXNativeTarget section */

/* Begin PBXProject section */
		DE735DA623E883A900FFDDC9 /* Project object */ = {
			isa = PBXProject;
			attributes = {
				LastSwiftUpdateCheck = 1130;
				LastUpgradeCheck = 1130;
				ORGANIZATIONNAME = "duckdyhr Inc.";
				TargetAttributes = {
					DE735DAD23E883A900FFDDC9 = {
						CreatedOnToolsVersion = 11.3.1;
					};
					DE735DC523E883B000FFDDC9 = {
						CreatedOnToolsVersion = 11.3.1;
						TestTargetID = DE735DAD23E883A900FFDDC9;
					};
				};
			};
			buildConfigurationList = DE735DA923E883A900FFDDC9 /* Build configuration list for PBXProject "PillBox" */;
			compatibilityVersion = "Xcode 9.3";
			developmentRegion = en;
			hasScannedForEncodings = 0;
			knownRegions = (
				en,
				Base,
			);
			mainGroup = DE735DA523E883A900FFDDC9;
			productRefGroup = DE735DAF23E883A900FFDDC9 /* Products */;
			projectDirPath = "";
			projectRoot = "";
			targets = (
				DE735DAD23E883A900FFDDC9 /* PillBox */,
				DE735DC523E883B000FFDDC9 /* PillBoxTests */,
			);
		};
/* End PBXProject section */

/* Begin PBXResourcesBuildPhase section */
		DE735DAC23E883A900FFDDC9 /* Resources */ = {
			isa = PBXResourcesBuildPhase;
			buildActionMask = 2147483647;
			files = (
				DE735DC023E883AF00FFDDC9 /* LaunchScreen.storyboard in Resources */,
				DE735DBD23E883AF00FFDDC9 /* Assets.xcassets in Resources */,
				DE735DBB23E883A900FFDDC9 /* Main.storyboard in Resources */,
			);
			runOnlyForDeploymentPostprocessing = 0;
		};
		DE735DC423E883B000FFDDC9 /* Resources */ = {
			isa = PBXResourcesBuildPhase;
			buildActionMask = 2147483647;
			files = (
			);
			runOnlyForDeploymentPostprocessing = 0;
		};
/* End PBXResourcesBuildPhase section */

/* Begin PBXSourcesBuildPhase section */
		DE735DAA23E883A900FFDDC9 /* Sources */ = {
			isa = PBXSourcesBuildPhase;
			buildActionMask = 2147483647;
			files = (
				DE735DEC23E8BF4600FFDDC9 /* Dose.swift in Sources */,
				DE8F4FD323F06A26000DBCF2 /* DataService.swift in Sources */,
				DE735DB823E883A900FFDDC9 /* MedicineViewController.swift in Sources */,
				DEEC99C423EF082A000E4E70 /* PillBox.xcdatamodeld in Sources */,
				DEF9932023E9AE60007A03A7 /* ProfileViewController.swift in Sources */,
				DE735DEE23E8BF5700FFDDC9 /* Dosage.swift in Sources */,
				DE735DB623E883A900FFDDC9 /* DosageRegimenViewController.swift in Sources */,
				DEEC99C623EF083D000E4E70 /* CoreDataStack.swift in Sources */,
				DE735DB223E883A900FFDDC9 /* AppDelegate.swift in Sources */,
				DE624BD823F1DA3E00D0E90C /* Snippets.swift in Sources */,
				DEF9932223EB6247007A03A7 /* DoseDetailsViewController.swift in Sources */,
				DE735DE623E8957200FFDDC9 /* User.swift in Sources */,
				DE735DB423E883A900FFDDC9 /* SceneDelegate.swift in Sources */,
				DE735DEA23E8BF2900FFDDC9 /* TakenDose.swift in Sources */,
			);
			runOnlyForDeploymentPostprocessing = 0;
		};
		DE735DC223E883B000FFDDC9 /* Sources */ = {
			isa = PBXSourcesBuildPhase;
			buildActionMask = 2147483647;
			files = (
				DEEC99C823EF0F87000E4E70 /* DosageRegimenViewControllerTests.swift in Sources */,
			);
			runOnlyForDeploymentPostprocessing = 0;
		};
/* End PBXSourcesBuildPhase section */

/* Begin PBXTargetDependency section */
		DE735DC823E883B000FFDDC9 /* PBXTargetDependency */ = {
			isa = PBXTargetDependency;
			target = DE735DAD23E883A900FFDDC9 /* PillBox */;
			targetProxy = DE735DC723E883B000FFDDC9 /* PBXContainerItemProxy */;
		};
/* End PBXTargetDependency section */

/* Begin PBXVariantGroup section */
		DE735DB923E883A900FFDDC9 /* Main.storyboard */ = {
			isa = PBXVariantGroup;
			children = (
				DE735DBA23E883A900FFDDC9 /* Base */,
			);
			name = Main.storyboard;
			sourceTree = "<group>";
		};
		DE735DBE23E883AF00FFDDC9 /* LaunchScreen.storyboard */ = {
			isa = PBXVariantGroup;
			children = (
				DE735DBF23E883AF00FFDDC9 /* Base */,
			);
			name = LaunchScreen.storyboard;
			sourceTree = "<group>";
		};
/* End PBXVariantGroup section */

/* Begin XCBuildConfiguration section */
		DE735DD823E883B000FFDDC9 /* Debug */ = {
			isa = XCBuildConfiguration;
			buildSettings = {
				ALWAYS_SEARCH_USER_PATHS = NO;
				CLANG_ANALYZER_NONNULL = YES;
				CLANG_ANALYZER_NUMBER_OBJECT_CONVERSION = YES_AGGRESSIVE;
				CLANG_CXX_LANGUAGE_STANDARD = "gnu++14";
				CLANG_CXX_LIBRARY = "libc++";
				CLANG_ENABLE_MODULES = YES;
				CLANG_ENABLE_OBJC_ARC = YES;
				CLANG_ENABLE_OBJC_WEAK = YES;
				CLANG_WARN_BLOCK_CAPTURE_AUTORELEASING = YES;
				CLANG_WARN_BOOL_CONVERSION = YES;
				CLANG_WARN_COMMA = YES;
				CLANG_WARN_CONSTANT_CONVERSION = YES;
				CLANG_WARN_DEPRECATED_OBJC_IMPLEMENTATIONS = YES;
				CLANG_WARN_DIRECT_OBJC_ISA_USAGE = YES_ERROR;
				CLANG_WARN_DOCUMENTATION_COMMENTS = YES;
				CLANG_WARN_EMPTY_BODY = YES;
				CLANG_WARN_ENUM_CONVERSION = YES;
				CLANG_WARN_INFINITE_RECURSION = YES;
				CLANG_WARN_INT_CONVERSION = YES;
				CLANG_WARN_NON_LITERAL_NULL_CONVERSION = YES;
				CLANG_WARN_OBJC_IMPLICIT_RETAIN_SELF = YES;
				CLANG_WARN_OBJC_LITERAL_CONVERSION = YES;
				CLANG_WARN_OBJC_ROOT_CLASS = YES_ERROR;
				CLANG_WARN_RANGE_LOOP_ANALYSIS = YES;
				CLANG_WARN_STRICT_PROTOTYPES = YES;
				CLANG_WARN_SUSPICIOUS_MOVE = YES;
				CLANG_WARN_UNGUARDED_AVAILABILITY = YES_AGGRESSIVE;
				CLANG_WARN_UNREACHABLE_CODE = YES;
				CLANG_WARN__DUPLICATE_METHOD_MATCH = YES;
				COPY_PHASE_STRIP = NO;
				DEBUG_INFORMATION_FORMAT = dwarf;
				ENABLE_STRICT_OBJC_MSGSEND = YES;
				ENABLE_TESTABILITY = YES;
				GCC_C_LANGUAGE_STANDARD = gnu11;
				GCC_DYNAMIC_NO_PIC = NO;
				GCC_NO_COMMON_BLOCKS = YES;
				GCC_OPTIMIZATION_LEVEL = 0;
				GCC_PREPROCESSOR_DEFINITIONS = (
					"DEBUG=1",
					"$(inherited)",
				);
				GCC_WARN_64_TO_32_BIT_CONVERSION = YES;
				GCC_WARN_ABOUT_RETURN_TYPE = YES_ERROR;
				GCC_WARN_UNDECLARED_SELECTOR = YES;
				GCC_WARN_UNINITIALIZED_AUTOS = YES_AGGRESSIVE;
				GCC_WARN_UNUSED_FUNCTION = YES;
				GCC_WARN_UNUSED_VARIABLE = YES;
				IPHONEOS_DEPLOYMENT_TARGET = 13.2;
				MTL_ENABLE_DEBUG_INFO = INCLUDE_SOURCE;
				MTL_FAST_MATH = YES;
				ONLY_ACTIVE_ARCH = YES;
				SDKROOT = iphoneos;
				SWIFT_ACTIVE_COMPILATION_CONDITIONS = DEBUG;
				SWIFT_OPTIMIZATION_LEVEL = "-Onone";
			};
			name = Debug;
		};
		DE735DD923E883B000FFDDC9 /* Release */ = {
			isa = XCBuildConfiguration;
			buildSettings = {
				ALWAYS_SEARCH_USER_PATHS = NO;
				CLANG_ANALYZER_NONNULL = YES;
				CLANG_ANALYZER_NUMBER_OBJECT_CONVERSION = YES_AGGRESSIVE;
				CLANG_CXX_LANGUAGE_STANDARD = "gnu++14";
				CLANG_CXX_LIBRARY = "libc++";
				CLANG_ENABLE_MODULES = YES;
				CLANG_ENABLE_OBJC_ARC = YES;
				CLANG_ENABLE_OBJC_WEAK = YES;
				CLANG_WARN_BLOCK_CAPTURE_AUTORELEASING = YES;
				CLANG_WARN_BOOL_CONVERSION = YES;
				CLANG_WARN_COMMA = YES;
				CLANG_WARN_CONSTANT_CONVERSION = YES;
				CLANG_WARN_DEPRECATED_OBJC_IMPLEMENTATIONS = YES;
				CLANG_WARN_DIRECT_OBJC_ISA_USAGE = YES_ERROR;
				CLANG_WARN_DOCUMENTATION_COMMENTS = YES;
				CLANG_WARN_EMPTY_BODY = YES;
				CLANG_WARN_ENUM_CONVERSION = YES;
				CLANG_WARN_INFINITE_RECURSION = YES;
				CLANG_WARN_INT_CONVERSION = YES;
				CLANG_WARN_NON_LITERAL_NULL_CONVERSION = YES;
				CLANG_WARN_OBJC_IMPLICIT_RETAIN_SELF = YES;
				CLANG_WARN_OBJC_LITERAL_CONVERSION = YES;
				CLANG_WARN_OBJC_ROOT_CLASS = YES_ERROR;
				CLANG_WARN_RANGE_LOOP_ANALYSIS = YES;
				CLANG_WARN_STRICT_PROTOTYPES = YES;
				CLANG_WARN_SUSPICIOUS_MOVE = YES;
				CLANG_WARN_UNGUARDED_AVAILABILITY = YES_AGGRESSIVE;
				CLANG_WARN_UNREACHABLE_CODE = YES;
				CLANG_WARN__DUPLICATE_METHOD_MATCH = YES;
				COPY_PHASE_STRIP = NO;
				DEBUG_INFORMATION_FORMAT = "dwarf-with-dsym";
				ENABLE_NS_ASSERTIONS = NO;
				ENABLE_STRICT_OBJC_MSGSEND = YES;
				ENABLE_TESTABILITY = YES;
				GCC_C_LANGUAGE_STANDARD = gnu11;
				GCC_NO_COMMON_BLOCKS = YES;
				GCC_WARN_64_TO_32_BIT_CONVERSION = YES;
				GCC_WARN_ABOUT_RETURN_TYPE = YES_ERROR;
				GCC_WARN_UNDECLARED_SELECTOR = YES;
				GCC_WARN_UNINITIALIZED_AUTOS = YES_AGGRESSIVE;
				GCC_WARN_UNUSED_FUNCTION = YES;
				GCC_WARN_UNUSED_VARIABLE = YES;
				IPHONEOS_DEPLOYMENT_TARGET = 13.2;
				MTL_ENABLE_DEBUG_INFO = NO;
				MTL_FAST_MATH = YES;
				SDKROOT = iphoneos;
				SWIFT_COMPILATION_MODE = wholemodule;
				SWIFT_OPTIMIZATION_LEVEL = "-O";
				VALIDATE_PRODUCT = YES;
			};
			name = Release;
		};
		DE735DDB23E883B000FFDDC9 /* Debug */ = {
			isa = XCBuildConfiguration;
			buildSettings = {
				ASSETCATALOG_COMPILER_APPICON_NAME = AppIcon;
				CODE_SIGN_STYLE = Automatic;
				DEVELOPMENT_TEAM = WLHNQW29GK;
				INFOPLIST_FILE = PillBox/Info.plist;
				LD_RUNPATH_SEARCH_PATHS = (
					"$(inherited)",
					"@executable_path/Frameworks",
				);
				PRODUCT_BUNDLE_IDENTIFIER = com.duckdyhr.PillBox;
				PRODUCT_NAME = "$(TARGET_NAME)";
				SWIFT_VERSION = 5.0;
				TARGETED_DEVICE_FAMILY = "1,2";
			};
			name = Debug;
		};
		DE735DDC23E883B000FFDDC9 /* Release */ = {
			isa = XCBuildConfiguration;
			buildSettings = {
				ASSETCATALOG_COMPILER_APPICON_NAME = AppIcon;
				CODE_SIGN_STYLE = Automatic;
				DEVELOPMENT_TEAM = WLHNQW29GK;
				INFOPLIST_FILE = PillBox/Info.plist;
				LD_RUNPATH_SEARCH_PATHS = (
					"$(inherited)",
					"@executable_path/Frameworks",
				);
				PRODUCT_BUNDLE_IDENTIFIER = com.duckdyhr.PillBox;
				PRODUCT_NAME = "$(TARGET_NAME)";
				SWIFT_VERSION = 5.0;
				TARGETED_DEVICE_FAMILY = "1,2";
			};
			name = Release;
		};
		DE735DDE23E883B000FFDDC9 /* Debug */ = {
			isa = XCBuildConfiguration;
			buildSettings = {
				ALWAYS_EMBED_SWIFT_STANDARD_LIBRARIES = YES;
				BUNDLE_LOADER = "$(TEST_HOST)";
				CODE_SIGN_STYLE = Automatic;
				DEVELOPMENT_TEAM = WLHNQW29GK;
				INFOPLIST_FILE = PillBoxTests/Info.plist;
				IPHONEOS_DEPLOYMENT_TARGET = 13.2;
				LD_RUNPATH_SEARCH_PATHS = (
					"$(inherited)",
					"@executable_path/Frameworks",
					"@loader_path/Frameworks",
				);
				PRODUCT_BUNDLE_IDENTIFIER = com.duckdyhr.PillBoxTests;
				PRODUCT_NAME = "$(TARGET_NAME)";
				SWIFT_VERSION = 5.0;
				TARGETED_DEVICE_FAMILY = "1,2";
				TEST_HOST = "$(BUILT_PRODUCTS_DIR)/PillBox.app/PillBox";
			};
			name = Debug;
		};
		DE735DDF23E883B000FFDDC9 /* Release */ = {
			isa = XCBuildConfiguration;
			buildSettings = {
				ALWAYS_EMBED_SWIFT_STANDARD_LIBRARIES = YES;
				BUNDLE_LOADER = "$(TEST_HOST)";
				CODE_SIGN_STYLE = Automatic;
				DEVELOPMENT_TEAM = WLHNQW29GK;
				INFOPLIST_FILE = PillBoxTests/Info.plist;
				IPHONEOS_DEPLOYMENT_TARGET = 13.2;
				LD_RUNPATH_SEARCH_PATHS = (
					"$(inherited)",
					"@executable_path/Frameworks",
					"@loader_path/Frameworks",
				);
				PRODUCT_BUNDLE_IDENTIFIER = com.duckdyhr.PillBoxTests;
				PRODUCT_NAME = "$(TARGET_NAME)";
				SWIFT_VERSION = 5.0;
				TARGETED_DEVICE_FAMILY = "1,2";
				TEST_HOST = "$(BUILT_PRODUCTS_DIR)/PillBox.app/PillBox";
			};
			name = Release;
		};
/* End XCBuildConfiguration section */

/* Begin XCConfigurationList section */
		DE735DA923E883A900FFDDC9 /* Build configuration list for PBXProject "PillBox" */ = {
			isa = XCConfigurationList;
			buildConfigurations = (
				DE735DD823E883B000FFDDC9 /* Debug */,
				DE735DD923E883B000FFDDC9 /* Release */,
			);
			defaultConfigurationIsVisible = 0;
			defaultConfigurationName = Release;
		};
		DE735DDA23E883B000FFDDC9 /* Build configuration list for PBXNativeTarget "PillBox" */ = {
			isa = XCConfigurationList;
			buildConfigurations = (
				DE735DDB23E883B000FFDDC9 /* Debug */,
				DE735DDC23E883B000FFDDC9 /* Release */,
			);
			defaultConfigurationIsVisible = 0;
			defaultConfigurationName = Release;
		};
		DE735DDD23E883B000FFDDC9 /* Build configuration list for PBXNativeTarget "PillBoxTests" */ = {
			isa = XCConfigurationList;
			buildConfigurations = (
				DE735DDE23E883B000FFDDC9 /* Debug */,
				DE735DDF23E883B000FFDDC9 /* Release */,
			);
			defaultConfigurationIsVisible = 0;
			defaultConfigurationName = Release;
		};
/* End XCConfigurationList section */

/* Begin XCVersionGroup section */
		DEEC99C223EF082A000E4E70 /* PillBox.xcdatamodeld */ = {
			isa = XCVersionGroup;
			children = (
				DEEC99C323EF082A000E4E70 /* PillBox.xcdatamodel */,
			);
			currentVersion = DEEC99C323EF082A000E4E70 /* PillBox.xcdatamodel */;
			path = PillBox.xcdatamodeld;
			sourceTree = "<group>";
			versionGroupType = wrapper.xcdatamodel;
		};
/* End XCVersionGroup section */
	};
	rootObject = DE735DA623E883A900FFDDC9 /* Project object */;
}
